Microsoft Visual Studio Solution File, Format Version 12.00
# Visual Studio Version 17
VisualStudioVersion = 17.5.2.0
MinimumVisualStudioVersion = 10.0.40219.1
Project("{2150E333-8FDC-42A3-9474-1A3956D46DE8}") = "app", "app", "{F95F473B-E98A-ACD6-1986-755F447BE36F}"
EndProject
Project("{FAE04EC0-301F-11D3-BF4B-00C04F79EFBC}") = "DotNetCrudWebApi", "app\DotNetCrudWebApi.csproj", "{C1781946-174D-5317-EBE1-7FA27779AF3B}"
EndProject
Global
	GlobalSection(SolutionConfigurationPlatforms) = preSolution
		Debug|Any CPU = Debug|Any CPU
		Release|Any CPU = Release|Any CPU
	EndGlobalSection
	GlobalSection(ProjectConfigurationPlatforms) = postSolution
		{C1781946-174D-5317-EBE1-7FA27779AF3B}.Debug|Any CPU.ActiveCfg = Debug|Any CPU
		{C1781946-174D-5317-EBE1-7FA27779AF3B}.Debug|Any CPU.Build.0 = Debug|Any CPU
		{C1781946-174D-5317-EBE1-7FA27779AF3B}.Release|Any CPU.ActiveCfg = Release|Any CPU
		{C1781946-174D-5317-EBE1-7FA27779AF3B}.Release|Any CPU.Build.0 = Release|Any CPU
	EndGlobalSection
	GlobalSection(SolutionProperties) = preSolution
		HideSolutionNode = FALSE
	EndGlobalSection
	GlobalSection(NestedProjects) = preSolution
		{C1781946-174D-5317-EBE1-7FA27779AF3B} = {F95F473B-E98A-ACD6-1986-755F447BE36F}
	EndGlobalSection
	GlobalSection(ExtensibilityGlobals) = postSolution
		SolutionGuid = {2CD44606-ABA3-4FEC-96D0-FEEF10E4A29A}
	EndGlobalSection
EndGlobal
